
Microsoft Visual Studio Solution File, Format Version 12.00
# Visual Studio Version 17
VisualStudioVersion = 17.1.32210.238
MinimumVisualStudioVersion = 10.0.40219.1
Project("{FAE04EC0-301F-11D3-BF4B-00C04F79EFBC}") = "kuchima", "kuchima\kuchima.csproj", "{27EA7EB1-630B-4965-9249-2AB1E0F1C83A}"
EndProject
Global
	GlobalSection(SolutionConfigurationPlatforms) = preSolution
		Debug|Any CPU = Debug|Any CPU
		Release|Any CPU = Release|Any CPU
	EndGlobalSection
	GlobalSection(ProjectConfigurationPlatforms) = postSolution
		{27EA7EB1-630B-4965-9249-2AB1E0F1C83A}.Debug|Any CPU.ActiveCfg = Debug|Any CPU
		{27EA7EB1-630B-4965-9249-2AB1E0F1C83A}.Debug|Any CPU.Build.0 = Debug|Any CPU
		{27EA7EB1-630B-4965-9249-2AB1E0F1C83A}.Release|Any CPU.ActiveCfg = Release|Any CPU
		{27EA7EB1-630B-4965-9249-2AB1E0F1C83A}.Release|Any CPU.Build.0 = Release|Any CPU
	EndGlobalSection
	GlobalSection(SolutionProperties) = preSolution
		HideSolutionNode = FALSE
	EndGlobalSection
	GlobalSection(ExtensibilityGlobals) = postSolution
		SolutionGuid = {EB7CD1C7-46E3-439D-A451-D141523418FC}
	EndGlobalSection
EndGlobal
